// !$*UTF8*$!
{
	archiveVersion = 1;
	classes = {
	};
	objectVersion = 55;
	objects = {

/* Begin PBXBuildFile section */
		82B5DA0E285398F1003222EC /* AppDelegate.swift in Sources */ = {isa = PBXBuildFile; fileRef = 82B5DA0D285398F1003222EC /* AppDelegate.swift */; };
		82B5DA10285398F1003222EC /* GameScene.sks in Resources */ = {isa = PBXBuildFile; fileRef = 82B5DA0F285398F1003222EC /* GameScene.sks */; };
		82B5DA14285398F1003222EC /* GameScene.swift in Sources */ = {isa = PBXBuildFile; fileRef = 82B5DA13285398F1003222EC /* GameScene.swift */; };
		82B5DA16285398F1003222EC /* GameViewController.swift in Sources */ = {isa = PBXBuildFile; fileRef = 82B5DA15285398F1003222EC /* GameViewController.swift */; };
		82B5DA19285398F1003222EC /* Main.storyboard in Resources */ = {isa = PBXBuildFile; fileRef = 82B5DA17285398F1003222EC /* Main.storyboard */; };
		82B5DA1B285398F5003222EC /* Assets.xcassets in Resources */ = {isa = PBXBuildFile; fileRef = 82B5DA1A285398F5003222EC /* Assets.xcassets */; };
		82B5DA1E285398F5003222EC /* LaunchScreen.storyboard in Resources */ = {isa = PBXBuildFile; fileRef = 82B5DA1C285398F5003222EC /* LaunchScreen.storyboard */; };
		82B5DA2728539F45003222EC /* WhackSlot.swift in Sources */ = {isa = PBXBuildFile; fileRef = 82B5DA2628539F45003222EC /* WhackSlot.swift */; };
		82B5DA2D2854D13B003222EC /* SmokeEffect.sks in Resources */ = {isa = PBXBuildFile; fileRef = 82B5DA2C2854D13B003222EC /* SmokeEffect.sks */; };
		82B5DA312854D4AE003222EC /* failure-drum-sound-effect-2-7184.mp3 in Resources */ = {isa = PBXBuildFile; fileRef = 82B5DA302854D4AE003222EC /* failure-drum-sound-effect-2-7184.mp3 */; };
/* End PBXBuildFile section */

/* Begin PBXFileReference section */
		82B5DA0A285398F1003222EC /* Project 14.app */ = {isa = PBXFileReference; explicitFileType = wrapper.application; includeInIndex = 0; path = "Project 14.app"; sourceTree = BUILT_PRODUCTS_DIR; };
		82B5DA0D285398F1003222EC /* AppDelegate.swift */ = {isa = PBXFileReference; lastKnownFileType = sourcecode.swift; path = AppDelegate.swift; sourceTree = "<group>"; };
		82B5DA0F285398F1003222EC /* GameScene.sks */ = {isa = PBXFileReference; lastKnownFileType = file.sks; path = GameScene.sks; sourceTree = "<group>"; };
		82B5DA13285398F1003222EC /* GameScene.swift */ = {isa = PBXFileReference; lastKnownFileType = sourcecode.swift; path = GameScene.swift; sourceTree = "<group>"; };
		82B5DA15285398F1003222EC /* GameViewController.swift */ = {isa = PBXFileReference; lastKnownFileType = sourcecode.swift; path = GameViewController.swift; sourceTree = "<group>"; };
		82B5DA18285398F1003222EC /* Base */ = {isa = PBXFileReference; lastKnownFileType = file.storyboard; name = Base; path = Base.lproj/Main.storyboard; sourceTree = "<group>"; };
		82B5DA1A285398F5003222EC /* Assets.xcassets */ = {isa = PBXFileReference; lastKnownFileType = folder.assetcatalog; path = Assets.xcassets; sourceTree = "<group>"; };
		82B5DA1D285398F5003222EC /* Base */ = {isa = PBXFileReference; lastKnownFileType = file.storyboard; name = Base; path = Base.lproj/LaunchScreen.storyboard; sourceTree = "<group>"; };
		82B5DA24285399B1003222EC /* whack.caf */ = {isa = PBXFileReference; lastKnownFileType = file; path = whack.caf; sourceTree = "<group>"; };
		82B5DA25285399B1003222EC /* whackBad.caf */ = {isa = PBXFileReference; lastKnownFileType = file; path = whackBad.caf; sourceTree = "<group>"; };
		82B5DA2628539F45003222EC /* WhackSlot.swift */ = {isa = PBXFileReference; lastKnownFileType = sourcecode.swift; path = WhackSlot.swift; sourceTree = "<group>"; };
		82B5DA2C2854D13B003222EC /* SmokeEffect.sks */ = {isa = PBXFileReference; lastKnownFileType = file.sks; path = SmokeEffect.sks; sourceTree = "<group>"; };
		82B5DA302854D4AE003222EC /* failure-drum-sound-effect-2-7184.mp3 */ = {isa = PBXFileReference; lastKnownFileType = audio.mp3; path = "failure-drum-sound-effect-2-7184.mp3"; sourceTree = "<group>"; };
/* End PBXFileReference section */

/* Begin PBXFrameworksBuildPhase section */
		82B5DA07285398F1003222EC /* Frameworks */ = {
			isa = PBXFrameworksBuildPhase;
			buildActionMask = 2147483647;
			files = (
			);
			runOnlyForDeploymentPostprocessing = 0;
		};
/* End PBXFrameworksBuildPhase section */

/* Begin PBXGroup section */
		82B5DA01285398F1003222EC = {
			isa = PBXGroup;
			children = (
				82B5DA0C285398F1003222EC /* Project 14 */,
				82B5DA0B285398F1003222EC /* Products */,
			);
			sourceTree = "<group>";
		};
		82B5DA0B285398F1003222EC /* Products */ = {
			isa = PBXGroup;
			children = (
				82B5DA0A285398F1003222EC /* Project 14.app */,
			);
			name = Products;
			sourceTree = "<group>";
		};
		82B5DA0C285398F1003222EC /* Project 14 */ = {
			isa = PBXGroup;
			children = (
				82B5DA0D285398F1003222EC /* AppDelegate.swift */,
				82B5DA2C2854D13B003222EC /* SmokeEffect.sks */,
				82B5DA0F285398F1003222EC /* GameScene.sks */,
				82B5DA13285398F1003222EC /* GameScene.swift */,
				82B5DA2628539F45003222EC /* WhackSlot.swift */,
				82B5DA15285398F1003222EC /* GameViewController.swift */,
				82B5DA17285398F1003222EC /* Main.storyboard */,
				82B5DA1A285398F5003222EC /* Assets.xcassets */,
				82B5DA1C285398F5003222EC /* LaunchScreen.storyboard */,
				82B5DA24285399B1003222EC /* whack.caf */,
				82B5DA25285399B1003222EC /* whackBad.caf */,
				82B5DA302854D4AE003222EC /* failure-drum-sound-effect-2-7184.mp3 */,
			);
			path = "Project 14";
			sourceTree = "<group>";
		};
/* End PBXGroup section */

/* Begin PBXNativeTarget section */
		82B5DA09285398F1003222EC /* Project 14 */ = {
			isa = PBXNativeTarget;
			buildConfigurationList = 82B5DA21285398F5003222EC /* Build configuration list for PBXNativeTarget "Project 14" */;
			buildPhases = (
				82B5DA06285398F1003222EC /* Sources */,
				82B5DA07285398F1003222EC /* Frameworks */,
				82B5DA08285398F1003222EC /* Resources */,
			);
			buildRules = (
			);
			dependencies = (
			);
			name = "Project 14";
			productName = "Project 14";
			productReference = 82B5DA0A285398F1003222EC /* Project 14.app */;
			productType = "com.apple.product-type.application";
		};
/* End PBXNativeTarget section */

/* Begin PBXProject section */
		82B5DA02285398F1003222EC /* Project object */ = {
			isa = PBXProject;
			attributes = {
				BuildIndependentTargetsInParallel = 1;
				LastSwiftUpdateCheck = 1330;
				LastUpgradeCheck = 1330;
				TargetAttributes = {
					82B5DA09285398F1003222EC = {
						CreatedOnToolsVersion = 13.3;
					};
				};
			};
			buildConfigurationList = 82B5DA05285398F1003222EC /* Build configuration list for PBXProject "Project 14" */;
			compatibilityVersion = "Xcode 13.0";
			developmentRegion = en;
			hasScannedForEncodings = 0;
			knownRegions = (
				en,
				Base,
			);
			mainGroup = 82B5DA01285398F1003222EC;
			productRefGroup = 82B5DA0B285398F1003222EC /* Products */;
			projectDirPath = "";
			projectRoot = "";
			targets = (
				82B5DA09285398F1003222EC /* Project 14 */,
			);
		};
/* End PBXProject section */

/* Begin PBXResourcesBuildPhase section */
		82B5DA08285398F1003222EC /* Resources */ = {
			isa = PBXResourcesBuildPhase;
			buildActionMask = 2147483647;
			files = (
				82B5DA19285398F1003222EC /* Main.storyboard in Resources */,
				82B5DA10285398F1003222EC /* GameScene.sks in Resources */,
				82B5DA2D2854D13B003222EC /* SmokeEffect.sks in Resources */,
				82B5DA312854D4AE003222EC /* failure-drum-sound-effect-2-7184.mp3 in Resources */,
				82B5DA1B285398F5003222EC /* Assets.xcassets in Resources */,
				82B5DA1E285398F5003222EC /* LaunchScreen.storyboard in Resources */,
			);
			runOnlyForDeploymentPostprocessing = 0;
		};
/* End PBXResourcesBuildPhase section */

/* Begin PBXSourcesBuildPhase section */
		82B5DA06285398F1003222EC /* Sources */ = {
			isa = PBXSourcesBuildPhase;
			buildActionMask = 2147483647;
			files = (
				82B5DA14285398F1003222EC /* GameScene.swift in Sources */,
				82B5DA16285398F1003222EC /* GameViewController.swift in Sources */,
				82B5DA2728539F45003222EC /* WhackSlot.swift in Sources */,
				82B5DA0E285398F1003222EC /* AppDelegate.swift in Sources */,
			);
			runOnlyForDeploymentPostprocessing = 0;
		};
/* End PBXSourcesBuildPhase section */

/* Begin PBXVariantGroup section */
		82B5DA17285398F1003222EC /* Main.storyboard */ = {
			isa = PBXVariantGroup;
			children = (
				82B5DA18285398F1003222EC /* Base */,
			);
			name = Main.storyboard;
			sourceTree = "<group>";
		};
		82B5DA1C285398F5003222EC /* LaunchScreen.storyboard */ = {
			isa = PBXVariantGroup;
			children = (
				82B5DA1D285398F5003222EC /* Base */,
			);
			name = LaunchScreen.storyboard;
			sourceTree = "<group>";
		};
/* End PBXVariantGroup section */

/* Begin XCBuildConfiguration section */
		82B5DA1F285398F5003222EC /* Debug */ = {
			isa = XCBuildConfiguration;
			buildSettings = {
				ALWAYS_SEARCH_USER_PATHS = NO;
				CLANG_ANALYZER_NONNULL = YES;
				CLANG_ANALYZER_NUMBER_OBJECT_CONVERSION = YES_AGGRESSIVE;
				CLANG_CXX_LANGUAGE_STANDARD = "gnu++17";
				CLANG_ENABLE_MODULES = YES;
				CLANG_ENABLE_OBJC_ARC = YES;
				CLANG_ENABLE_OBJC_WEAK = YES;
				CLANG_WARN_BLOCK_CAPTURE_AUTORELEASING = YES;
				CLANG_WARN_BOOL_CONVERSION = YES;
				CLANG_WARN_COMMA = YES;
				CLANG_WARN_CONSTANT_CONVERSION = YES;
				CLANG_WARN_DEPRECATED_OBJC_IMPLEMENTATIONS = YES;
				CLANG_WARN_DIRECT_OBJC_ISA_USAGE = YES_ERROR;
				CLANG_WARN_DOCUMENTATION_COMMENTS = YES;
				CLANG_WARN_EMPTY_BODY = YES;
				CLANG_WARN_ENUM_CONVERSION = YES;
				CLANG_WARN_INFINITE_RECURSION = YES;
				CLANG_WARN_INT_CONVERSION = YES;
				CLANG_WARN_NON_LITERAL_NULL_CONVERSION = YES;
				CLANG_WARN_OBJC_IMPLICIT_RETAIN_SELF = YES;
				CLANG_WARN_OBJC_LITERAL_CONVERSION = YES;
				CLANG_WARN_OBJC_ROOT_CLASS = YES_ERROR;
				CLANG_WARN_QUOTED_INCLUDE_IN_FRAMEWORK_HEADER = YES;
				CLANG_WARN_RANGE_LOOP_ANALYSIS = YES;
				CLANG_WARN_STRICT_PROTOTYPES = YES;
				CLANG_WARN_SUSPICIOUS_MOVE = YES;
				CLANG_WARN_UNGUARDED_AVAILABILITY = YES_AGGRESSIVE;
				CLANG_WARN_UNREACHABLE_CODE = YES;
				CLANG_WARN__DUPLICATE_METHOD_MATCH = YES;
				COPY_PHASE_STRIP = NO;
				DEBUG_INFORMATION_FORMAT = dwarf;
				ENABLE_STRICT_OBJC_MSGSEND = YES;
				ENABLE_TESTABILITY = YES;
				GCC_C_LANGUAGE_STANDARD = gnu11;
				GCC_DYNAMIC_NO_PIC = NO;
				GCC_NO_COMMON_BLOCKS = YES;
				GCC_OPTIMIZATION_LEVEL = 0;
				GCC_PREPROCESSOR_DEFINITIONS = (
					"DEBUG=1",
					"$(inherited)",
				);
				GCC_WARN_64_TO_32_BIT_CONVERSION = YES;
				GCC_WARN_ABOUT_RETURN_TYPE = YES_ERROR;
				GCC_WARN_UNDECLARED_SELECTOR = YES;
				GCC_WARN_UNINITIALIZED_AUTOS = YES_AGGRESSIVE;
				GCC_WARN_UNUSED_FUNCTION = YES;
				GCC_WARN_UNUSED_VARIABLE = YES;
				IPHONEOS_DEPLOYMENT_TARGET = 15.4;
				MTL_ENABLE_DEBUG_INFO = INCLUDE_SOURCE;
				MTL_FAST_MATH = YES;
				ONLY_ACTIVE_ARCH = YES;
				SDKROOT = iphoneos;
				SWIFT_ACTIVE_COMPILATION_CONDITIONS = DEBUG;
				SWIFT_OPTIMIZATION_LEVEL = "-Onone";
			};
			name = Debug;
		};
		82B5DA20285398F5003222EC /* Release */ = {
			isa = XCBuildConfiguration;
			buildSettings = {
				ALWAYS_SEARCH_USER_PATHS = NO;
				CLANG_ANALYZER_NONNULL = YES;
				CLANG_ANALYZER_NUMBER_OBJECT_CONVERSION = YES_AGGRESSIVE;
				CLANG_CXX_LANGUAGE_STANDARD = "gnu++17";
				CLANG_ENABLE_MODULES = YES;
				CLANG_ENABLE_OBJC_ARC = YES;
				CLANG_ENABLE_OBJC_WEAK = YES;
				CLANG_WARN_BLOCK_CAPTURE_AUTORELEASING = YES;
				CLANG_WARN_BOOL_CONVERSION = YES;
				CLANG_WARN_COMMA = YES;
				CLANG_WARN_CONSTANT_CONVERSION = YES;
				CLANG_WARN_DEPRECATED_OBJC_IMPLEMENTATIONS = YES;
				CLANG_WARN_DIRECT_OBJC_ISA_USAGE = YES_ERROR;
				CLANG_WARN_DOCUMENTATION_COMMENTS = YES;
				CLANG_WARN_EMPTY_BODY = YES;
				CLANG_WARN_ENUM_CONVERSION = YES;
				CLANG_WARN_INFINITE_RECURSION = YES;
				CLANG_WARN_INT_CONVERSION = YES;
				CLANG_WARN_NON_LITERAL_NULL_CONVERSION = YES;
				CLANG_WARN_OBJC_IMPLICIT_RETAIN_SELF = YES;
				CLANG_WARN_OBJC_LITERAL_CONVERSION = YES;
				CLANG_WARN_OBJC_ROOT_CLASS = YES_ERROR;
				CLANG_WARN_QUOTED_INCLUDE_IN_FRAMEWORK_HEADER = YES;
				CLANG_WARN_RANGE_LOOP_ANALYSIS = YES;
				CLANG_WARN_STRICT_PROTOTYPES = YES;
				CLANG_WARN_SUSPICIOUS_MOVE = YES;
				CLANG_WARN_UNGUARDED_AVAILABILITY = YES_AGGRESSIVE;
				CLANG_WARN_UNREACHABLE_CODE = YES;
				CLANG_WARN__DUPLICATE_METHOD_MATCH = YES;
				COPY_PHASE_STRIP = NO;
				DEBUG_INFORMATION_FORMAT = "dwarf-with-dsym";
				ENABLE_NS_ASSERTIONS = NO;
				ENABLE_STRICT_OBJC_MSGSEND = YES;
				GCC_C_LANGUAGE_STANDARD = gnu11;
				GCC_NO_COMMON_BLOCKS = YES;
				GCC_WARN_64_TO_32_BIT_CONVERSION = YES;
				GCC_WARN_ABOUT_RETURN_TYPE = YES_ERROR;
				GCC_WARN_UNDECLARED_SELECTOR = YES;
				GCC_WARN_UNINITIALIZED_AUTOS = YES_AGGRESSIVE;
				GCC_WARN_UNUSED_FUNCTION = YES;
				GCC_WARN_UNUSED_VARIABLE = YES;
				IPHONEOS_DEPLOYMENT_TARGET = 15.4;
				MTL_ENABLE_DEBUG_INFO = NO;
				MTL_FAST_MATH = YES;
				SDKROOT = iphoneos;
				SWIFT_COMPILATION_MODE = wholemodule;
				SWIFT_OPTIMIZATION_LEVEL = "-O";
				VALIDATE_PRODUCT = YES;
			};
			name = Release;
		};
		82B5DA22285398F5003222EC /* Debug */ = {
			isa = XCBuildConfiguration;
			buildSettings = {
				ASSETCATALOG_COMPILER_APPICON_NAME = AppIcon;
				ASSETCATALOG_COMPILER_GLOBAL_ACCENT_COLOR_NAME = AccentColor;
				CODE_SIGN_STYLE = Automatic;
				CURRENT_PROJECT_VERSION = 1;
				DEVELOPMENT_TEAM = 6FLCXFF4D9;
				GENERATE_INFOPLIST_FILE = YES;
				INFOPLIST_KEY_UIApplicationSupportsIndirectInputEvents = YES;
				INFOPLIST_KEY_UILaunchStoryboardName = LaunchScreen;
				INFOPLIST_KEY_UIMainStoryboardFile = Main;
				INFOPLIST_KEY_UIStatusBarHidden = YES;
				INFOPLIST_KEY_UISupportedInterfaceOrientations_iPad = "UIInterfaceOrientationLandscapeLeft UIInterfaceOrientationLandscapeRight";
				INFOPLIST_KEY_UISupportedInterfaceOrientations_iPhone = "UIInterfaceOrientationPortrait UIInterfaceOrientationLandscapeLeft UIInterfaceOrientationLandscapeRight";
				LD_RUNPATH_SEARCH_PATHS = (
					"$(inherited)",
					"@executable_path/Frameworks",
				);
				MARKETING_VERSION = 1.0;
				PRODUCT_BUNDLE_IDENTIFIER = "com.example.Project-14";
				PRODUCT_NAME = "$(TARGET_NAME)";
				SWIFT_EMIT_LOC_STRINGS = YES;
				SWIFT_VERSION = 5.0;
				TARGETED_DEVICE_FAMILY = 2;
			};
			name = Debug;
		};
		82B5DA23285398F5003222EC /* Release */ = {
			isa = XCBuildConfiguration;
			buildSettings = {
				ASSETCATALOG_COMPILER_APPICON_NAME = AppIcon;
				ASSETCATALOG_COMPILER_GLOBAL_ACCENT_COLOR_NAME = AccentColor;
				CODE_SIGN_STYLE = Automatic;
				CURRENT_PROJECT_VERSION = 1;
				DEVELOPMENT_TEAM = 6FLCXFF4D9;
				GENERATE_INFOPLIST_FILE = YES;
				INFOPLIST_KEY_UIApplicationSupportsIndirectInputEvents = YES;
				INFOPLIST_KEY_UILaunchStoryboardName = LaunchScreen;
				INFOPLIST_KEY_UIMainStoryboardFile = Main;
				INFOPLIST_KEY_UIStatusBarHidden = YES;
				INFOPLIST_KEY_UISupportedInterfaceOrientations_iPad = "UIInterfaceOrientationLandscapeLeft UIInterfaceOrientationLandscapeRight";
				INFOPLIST_KEY_UISupportedInterfaceOrientations_iPhone = "UIInterfaceOrientationPortrait UIInterfaceOrientationLandscapeLeft UIInterfaceOrientationLandscapeRight";
				LD_RUNPATH_SEARCH_PATHS = (
					"$(inherited)",
					"@executable_path/Frameworks",
				);
				MARKETING_VERSION = 1.0;
				PRODUCT_BUNDLE_IDENTIFIER = "com.example.Project-14";
				PRODUCT_NAME = "$(TARGET_NAME)";
				SWIFT_EMIT_LOC_STRINGS = YES;
				SWIFT_VERSION = 5.0;
				TARGETED_DEVICE_FAMILY = 2;
			};
			name = Release;
		};
/* End XCBuildConfiguration section */

/* Begin XCConfigurationList section */
		82B5DA05285398F1003222EC /* Build configuration list for PBXProject "Project 14" */ = {
			isa = XCConfigurationList;
			buildConfigurations = (
				82B5DA1F285398F5003222EC /* Debug */,
				82B5DA20285398F5003222EC /* Release */,
			);
			defaultConfigurationIsVisible = 0;
			defaultConfigurationName = Release;
		};
		82B5DA21285398F5003222EC /* Build configuration list for PBXNativeTarget "Project 14" */ = {
			isa = XCConfigurationList;
			buildConfigurations = (
				82B5DA22285398F5003222EC /* Debug */,
				82B5DA23285398F5003222EC /* Release */,
			);
			defaultConfigurationIsVisible = 0;
			defaultConfigurationName = Release;
		};
/* End XCConfigurationList section */
	};
	rootObject = 82B5DA02285398F1003222EC /* Project object */;
}
