// !$*UTF8*$!
{
	archiveVersion = 1;
	classes = {
	};
	objectVersion = 55;
	objects = {

/* Begin PBXBuildFile section */
		829F723D281CC4C2004B7929 /* AppDelegate.swift in Sources */ = {isa = PBXBuildFile; fileRef = 829F723C281CC4C2004B7929 /* AppDelegate.swift */; };
		829F723F281CC4C2004B7929 /* SceneDelegate.swift in Sources */ = {isa = PBXBuildFile; fileRef = 829F723E281CC4C2004B7929 /* SceneDelegate.swift */; };
		829F7241281CC4C2004B7929 /* ViewController.swift in Sources */ = {isa = PBXBuildFile; fileRef = 829F7240281CC4C2004B7929 /* ViewController.swift */; };
		829F7244281CC4C2004B7929 /* Main.storyboard in Resources */ = {isa = PBXBuildFile; fileRef = 829F7242281CC4C2004B7929 /* Main.storyboard */; };
		829F7246281CC4C3004B7929 /* Assets.xcassets in Resources */ = {isa = PBXBuildFile; fileRef = 829F7245281CC4C3004B7929 /* Assets.xcassets */; };
		829F725B281CC8A3004B7929 /* nssl0049.jpg in Resources */ = {isa = PBXBuildFile; fileRef = 829F7251281CC8A3004B7929 /* nssl0049.jpg */; };
		829F725C281CC8A3004B7929 /* nssl0046.jpg in Resources */ = {isa = PBXBuildFile; fileRef = 829F7252281CC8A3004B7929 /* nssl0046.jpg */; };
		829F725D281CC8A3004B7929 /* nssl0091.jpg in Resources */ = {isa = PBXBuildFile; fileRef = 829F7253281CC8A3004B7929 /* nssl0091.jpg */; };
		829F725E281CC8A3004B7929 /* nssl0045.jpg in Resources */ = {isa = PBXBuildFile; fileRef = 829F7254281CC8A3004B7929 /* nssl0045.jpg */; };
		829F725F281CC8A3004B7929 /* nssl0051.jpg in Resources */ = {isa = PBXBuildFile; fileRef = 829F7255281CC8A3004B7929 /* nssl0051.jpg */; };
		829F7260281CC8A3004B7929 /* nssl0041.jpg in Resources */ = {isa = PBXBuildFile; fileRef = 829F7256281CC8A3004B7929 /* nssl0041.jpg */; };
		829F7261281CC8A3004B7929 /* nssl0042.jpg in Resources */ = {isa = PBXBuildFile; fileRef = 829F7257281CC8A3004B7929 /* nssl0042.jpg */; };
		829F7262281CC8A3004B7929 /* nssl0043.jpg in Resources */ = {isa = PBXBuildFile; fileRef = 829F7258281CC8A3004B7929 /* nssl0043.jpg */; };
		829F7263281CC8A3004B7929 /* nssl0033.jpg in Resources */ = {isa = PBXBuildFile; fileRef = 829F7259281CC8A3004B7929 /* nssl0033.jpg */; };
		829F7264281CC8A3004B7929 /* nssl0034.jpg in Resources */ = {isa = PBXBuildFile; fileRef = 829F725A281CC8A3004B7929 /* nssl0034.jpg */; };
		829F7266281D6BA2004B7929 /* DetailViewController.swift in Sources */ = {isa = PBXBuildFile; fileRef = 829F7265281D6BA2004B7929 /* DetailViewController.swift */; };
/* End PBXBuildFile section */

/* Begin PBXFileReference section */
		829F7239281CC4C2004B7929 /* Project 1.app */ = {isa = PBXFileReference; explicitFileType = wrapper.application; includeInIndex = 0; path = "Project 1.app"; sourceTree = BUILT_PRODUCTS_DIR; };
		829F723C281CC4C2004B7929 /* AppDelegate.swift */ = {isa = PBXFileReference; lastKnownFileType = sourcecode.swift; path = AppDelegate.swift; sourceTree = "<group>"; };
		829F723E281CC4C2004B7929 /* SceneDelegate.swift */ = {isa = PBXFileReference; lastKnownFileType = sourcecode.swift; path = SceneDelegate.swift; sourceTree = "<group>"; };
		829F7240281CC4C2004B7929 /* ViewController.swift */ = {isa = PBXFileReference; lastKnownFileType = sourcecode.swift; path = ViewController.swift; sourceTree = "<group>"; };
		829F7243281CC4C2004B7929 /* Base */ = {isa = PBXFileReference; lastKnownFileType = file.storyboard; name = Base; path = Base.lproj/Main.storyboard; sourceTree = "<group>"; };
		829F7245281CC4C3004B7929 /* Assets.xcassets */ = {isa = PBXFileReference; lastKnownFileType = folder.assetcatalog; path = Assets.xcassets; sourceTree = "<group>"; };
		829F724A281CC4C3004B7929 /* Info.plist */ = {isa = PBXFileReference; lastKnownFileType = text.plist.xml; path = Info.plist; sourceTree = "<group>"; };
		829F7251281CC8A3004B7929 /* nssl0049.jpg */ = {isa = PBXFileReference; lastKnownFileType = image.jpeg; path = nssl0049.jpg; sourceTree = "<group>"; };
		829F7252281CC8A3004B7929 /* nssl0046.jpg */ = {isa = PBXFileReference; lastKnownFileType = image.jpeg; path = nssl0046.jpg; sourceTree = "<group>"; };
		829F7253281CC8A3004B7929 /* nssl0091.jpg */ = {isa = PBXFileReference; lastKnownFileType = image.jpeg; path = nssl0091.jpg; sourceTree = "<group>"; };
		829F7254281CC8A3004B7929 /* nssl0045.jpg */ = {isa = PBXFileReference; lastKnownFileType = image.jpeg; path = nssl0045.jpg; sourceTree = "<group>"; };
		829F7255281CC8A3004B7929 /* nssl0051.jpg */ = {isa = PBXFileReference; lastKnownFileType = image.jpeg; path = nssl0051.jpg; sourceTree = "<group>"; };
		829F7256281CC8A3004B7929 /* nssl0041.jpg */ = {isa = PBXFileReference; lastKnownFileType = image.jpeg; path = nssl0041.jpg; sourceTree = "<group>"; };
		829F7257281CC8A3004B7929 /* nssl0042.jpg */ = {isa = PBXFileReference; lastKnownFileType = image.jpeg; path = nssl0042.jpg; sourceTree = "<group>"; };
		829F7258281CC8A3004B7929 /* nssl0043.jpg */ = {isa = PBXFileReference; lastKnownFileType = image.jpeg; path = nssl0043.jpg; sourceTree = "<group>"; };
		829F7259281CC8A3004B7929 /* nssl0033.jpg */ = {isa = PBXFileReference; lastKnownFileType = image.jpeg; path = nssl0033.jpg; sourceTree = "<group>"; };
		829F725A281CC8A3004B7929 /* nssl0034.jpg */ = {isa = PBXFileReference; lastKnownFileType = image.jpeg; path = nssl0034.jpg; sourceTree = "<group>"; };
		829F7265281D6BA2004B7929 /* DetailViewController.swift */ = {isa = PBXFileReference; lastKnownFileType = sourcecode.swift; path = DetailViewController.swift; sourceTree = "<group>"; };
/* End PBXFileReference section */

/* Begin PBXFrameworksBuildPhase section */
		829F7236281CC4C2004B7929 /* Frameworks */ = {
			isa = PBXFrameworksBuildPhase;
			buildActionMask = 2147483647;
			files = (
			);
			runOnlyForDeploymentPostprocessing = 0;
		};
/* End PBXFrameworksBuildPhase section */

/* Begin PBXGroup section */
		829F7230281CC4C2004B7929 = {
			isa = PBXGroup;
			children = (
				829F723B281CC4C2004B7929 /* Project 1 */,
				829F723A281CC4C2004B7929 /* Products */,
			);
			sourceTree = "<group>";
		};
		829F723A281CC4C2004B7929 /* Products */ = {
			isa = PBXGroup;
			children = (
				829F7239281CC4C2004B7929 /* Project 1.app */,
			);
			name = Products;
			sourceTree = "<group>";
		};
		829F723B281CC4C2004B7929 /* Project 1 */ = {
			isa = PBXGroup;
			children = (
				829F723C281CC4C2004B7929 /* AppDelegate.swift */,
				829F723E281CC4C2004B7929 /* SceneDelegate.swift */,
				829F7240281CC4C2004B7929 /* ViewController.swift */,
				829F7242281CC4C2004B7929 /* Main.storyboard */,
				829F7265281D6BA2004B7929 /* DetailViewController.swift */,
				829F7245281CC4C3004B7929 /* Assets.xcassets */,
				829F724A281CC4C3004B7929 /* Info.plist */,
				829F7250281CC8A3004B7929 /* Project1 Content */,
			);
			path = "Project 1";
			sourceTree = "<group>";
		};
		829F7250281CC8A3004B7929 /* Project1 Content */ = {
			isa = PBXGroup;
			children = (
				829F7251281CC8A3004B7929 /* nssl0049.jpg */,
				829F7252281CC8A3004B7929 /* nssl0046.jpg */,
				829F7253281CC8A3004B7929 /* nssl0091.jpg */,
				829F7254281CC8A3004B7929 /* nssl0045.jpg */,
				829F7255281CC8A3004B7929 /* nssl0051.jpg */,
				829F7256281CC8A3004B7929 /* nssl0041.jpg */,
				829F7257281CC8A3004B7929 /* nssl0042.jpg */,
				829F7258281CC8A3004B7929 /* nssl0043.jpg */,
				829F7259281CC8A3004B7929 /* nssl0033.jpg */,
				829F725A281CC8A3004B7929 /* nssl0034.jpg */,
			);
			path = "Project1 Content";
			sourceTree = "<group>";
		};
/* End PBXGroup section */

/* Begin PBXNativeTarget section */
		829F7238281CC4C2004B7929 /* Project 1 */ = {
			isa = PBXNativeTarget;
			buildConfigurationList = 829F724D281CC4C3004B7929 /* Build configuration list for PBXNativeTarget "Project 1" */;
			buildPhases = (
				829F7235281CC4C2004B7929 /* Sources */,
				829F7236281CC4C2004B7929 /* Frameworks */,
				829F7237281CC4C2004B7929 /* Resources */,
			);
			buildRules = (
			);
			dependencies = (
			);
			name = "Project 1";
			productName = "Project 1";
			productReference = 829F7239281CC4C2004B7929 /* Project 1.app */;
			productType = "com.apple.product-type.application";
		};
/* End PBXNativeTarget section */

/* Begin PBXProject section */
		829F7231281CC4C2004B7929 /* Project object */ = {
			isa = PBXProject;
			attributes = {
				BuildIndependentTargetsInParallel = 1;
				LastSwiftUpdateCheck = 1330;
				LastUpgradeCheck = 1330;
				TargetAttributes = {
					829F7238281CC4C2004B7929 = {
						CreatedOnToolsVersion = 13.3;
					};
				};
			};
			buildConfigurationList = 829F7234281CC4C2004B7929 /* Build configuration list for PBXProject "Project 1" */;
			compatibilityVersion = "Xcode 13.0";
			developmentRegion = en;
			hasScannedForEncodings = 0;
			knownRegions = (
				en,
				Base,
			);
			mainGroup = 829F7230281CC4C2004B7929;
			productRefGroup = 829F723A281CC4C2004B7929 /* Products */;
			projectDirPath = "";
			projectRoot = "";
			targets = (
				829F7238281CC4C2004B7929 /* Project 1 */,
			);
		};
/* End PBXProject section */

/* Begin PBXResourcesBuildPhase section */
		829F7237281CC4C2004B7929 /* Resources */ = {
			isa = PBXResourcesBuildPhase;
			buildActionMask = 2147483647;
			files = (
				829F725C281CC8A3004B7929 /* nssl0046.jpg in Resources */,
				829F7263281CC8A3004B7929 /* nssl0033.jpg in Resources */,
				829F725F281CC8A3004B7929 /* nssl0051.jpg in Resources */,
				829F725D281CC8A3004B7929 /* nssl0091.jpg in Resources */,
				829F7262281CC8A3004B7929 /* nssl0043.jpg in Resources */,
				829F7264281CC8A3004B7929 /* nssl0034.jpg in Resources */,
				829F725B281CC8A3004B7929 /* nssl0049.jpg in Resources */,
				829F7260281CC8A3004B7929 /* nssl0041.jpg in Resources */,
				829F7261281CC8A3004B7929 /* nssl0042.jpg in Resources */,
				829F7246281CC4C3004B7929 /* Assets.xcassets in Resources */,
				829F725E281CC8A3004B7929 /* nssl0045.jpg in Resources */,
				829F7244281CC4C2004B7929 /* Main.storyboard in Resources */,
			);
			runOnlyForDeploymentPostprocessing = 0;
		};
/* End PBXResourcesBuildPhase section */

/* Begin PBXSourcesBuildPhase section */
		829F7235281CC4C2004B7929 /* Sources */ = {
			isa = PBXSourcesBuildPhase;
			buildActionMask = 2147483647;
			files = (
				829F7241281CC4C2004B7929 /* ViewController.swift in Sources */,
				829F723D281CC4C2004B7929 /* AppDelegate.swift in Sources */,
				829F723F281CC4C2004B7929 /* SceneDelegate.swift in Sources */,
				829F7266281D6BA2004B7929 /* DetailViewController.swift in Sources */,
			);
			runOnlyForDeploymentPostprocessing = 0;
		};
/* End PBXSourcesBuildPhase section */

/* Begin PBXVariantGroup section */
		829F7242281CC4C2004B7929 /* Main.storyboard */ = {
			isa = PBXVariantGroup;
			children = (
				829F7243281CC4C2004B7929 /* Base */,
			);
			name = Main.storyboard;
			sourceTree = "<group>";
		};
/* End PBXVariantGroup section */

/* Begin XCBuildConfiguration section */
		829F724B281CC4C3004B7929 /* Debug */ = {
			isa = XCBuildConfiguration;
			buildSettings = {
				ALWAYS_SEARCH_USER_PATHS = NO;
				CLANG_ANALYZER_NONNULL = YES;
				CLANG_ANALYZER_NUMBER_OBJECT_CONVERSION = YES_AGGRESSIVE;
				CLANG_CXX_LANGUAGE_STANDARD = "gnu++17";
				CLANG_ENABLE_MODULES = YES;
				CLANG_ENABLE_OBJC_ARC = YES;
				CLANG_ENABLE_OBJC_WEAK = YES;
				CLANG_WARN_BLOCK_CAPTURE_AUTORELEASING = YES;
				CLANG_WARN_BOOL_CONVERSION = YES;
				CLANG_WARN_COMMA = YES;
				CLANG_WARN_CONSTANT_CONVERSION = YES;
				CLANG_WARN_DEPRECATED_OBJC_IMPLEMENTATIONS = YES;
				CLANG_WARN_DIRECT_OBJC_ISA_USAGE = YES_ERROR;
				CLANG_WARN_DOCUMENTATION_COMMENTS = YES;
				CLANG_WARN_EMPTY_BODY = YES;
				CLANG_WARN_ENUM_CONVERSION = YES;
				CLANG_WARN_INFINITE_RECURSION = YES;
				CLANG_WARN_INT_CONVERSION = YES;
				CLANG_WARN_NON_LITERAL_NULL_CONVERSION = YES;
				CLANG_WARN_OBJC_IMPLICIT_RETAIN_SELF = YES;
				CLANG_WARN_OBJC_LITERAL_CONVERSION = YES;
				CLANG_WARN_OBJC_ROOT_CLASS = YES_ERROR;
				CLANG_WARN_QUOTED_INCLUDE_IN_FRAMEWORK_HEADER = YES;
				CLANG_WARN_RANGE_LOOP_ANALYSIS = YES;
				CLANG_WARN_STRICT_PROTOTYPES = YES;
				CLANG_WARN_SUSPICIOUS_MOVE = YES;
				CLANG_WARN_UNGUARDED_AVAILABILITY = YES_AGGRESSIVE;
				CLANG_WARN_UNREACHABLE_CODE = YES;
				CLANG_WARN__DUPLICATE_METHOD_MATCH = YES;
				COPY_PHASE_STRIP = NO;
				DEBUG_INFORMATION_FORMAT = dwarf;
				ENABLE_STRICT_OBJC_MSGSEND = YES;
				ENABLE_TESTABILITY = YES;
				GCC_C_LANGUAGE_STANDARD = gnu11;
				GCC_DYNAMIC_NO_PIC = NO;
				GCC_NO_COMMON_BLOCKS = YES;
				GCC_OPTIMIZATION_LEVEL = 0;
				GCC_PREPROCESSOR_DEFINITIONS = (
					"DEBUG=1",
					"$(inherited)",
				);
				GCC_WARN_64_TO_32_BIT_CONVERSION = YES;
				GCC_WARN_ABOUT_RETURN_TYPE = YES_ERROR;
				GCC_WARN_UNDECLARED_SELECTOR = YES;
				GCC_WARN_UNINITIALIZED_AUTOS = YES_AGGRESSIVE;
				GCC_WARN_UNUSED_FUNCTION = YES;
				GCC_WARN_UNUSED_VARIABLE = YES;
				IPHONEOS_DEPLOYMENT_TARGET = 15.4;
				MTL_ENABLE_DEBUG_INFO = INCLUDE_SOURCE;
				MTL_FAST_MATH = YES;
				ONLY_ACTIVE_ARCH = YES;
				SDKROOT = iphoneos;
				SWIFT_ACTIVE_COMPILATION_CONDITIONS = DEBUG;
				SWIFT_OPTIMIZATION_LEVEL = "-Onone";
			};
			name = Debug;
		};
		829F724C281CC4C3004B7929 /* Release */ = {
			isa = XCBuildConfiguration;
			buildSettings = {
				ALWAYS_SEARCH_USER_PATHS = NO;
				CLANG_ANALYZER_NONNULL = YES;
				CLANG_ANALYZER_NUMBER_OBJECT_CONVERSION = YES_AGGRESSIVE;
				CLANG_CXX_LANGUAGE_STANDARD = "gnu++17";
				CLANG_ENABLE_MODULES = YES;
				CLANG_ENABLE_OBJC_ARC = YES;
				CLANG_ENABLE_OBJC_WEAK = YES;
				CLANG_WARN_BLOCK_CAPTURE_AUTORELEASING = YES;
				CLANG_WARN_BOOL_CONVERSION = YES;
				CLANG_WARN_COMMA = YES;
				CLANG_WARN_CONSTANT_CONVERSION = YES;
				CLANG_WARN_DEPRECATED_OBJC_IMPLEMENTATIONS = YES;
				CLANG_WARN_DIRECT_OBJC_ISA_USAGE = YES_ERROR;
				CLANG_WARN_DOCUMENTATION_COMMENTS = YES;
				CLANG_WARN_EMPTY_BODY = YES;
				CLANG_WARN_ENUM_CONVERSION = YES;
				CLANG_WARN_INFINITE_RECURSION = YES;
				CLANG_WARN_INT_CONVERSION = YES;
				CLANG_WARN_NON_LITERAL_NULL_CONVERSION = YES;
				CLANG_WARN_OBJC_IMPLICIT_RETAIN_SELF = YES;
				CLANG_WARN_OBJC_LITERAL_CONVERSION = YES;
				CLANG_WARN_OBJC_ROOT_CLASS = YES_ERROR;
				CLANG_WARN_QUOTED_INCLUDE_IN_FRAMEWORK_HEADER = YES;
				CLANG_WARN_RANGE_LOOP_ANALYSIS = YES;
				CLANG_WARN_STRICT_PROTOTYPES = YES;
				CLANG_WARN_SUSPICIOUS_MOVE = YES;
				CLANG_WARN_UNGUARDED_AVAILABILITY = YES_AGGRESSIVE;
				CLANG_WARN_UNREACHABLE_CODE = YES;
				CLANG_WARN__DUPLICATE_METHOD_MATCH = YES;
				COPY_PHASE_STRIP = NO;
				DEBUG_INFORMATION_FORMAT = "dwarf-with-dsym";
				ENABLE_NS_ASSERTIONS = NO;
				ENABLE_STRICT_OBJC_MSGSEND = YES;
				GCC_C_LANGUAGE_STANDARD = gnu11;
				GCC_NO_COMMON_BLOCKS = YES;
				GCC_WARN_64_TO_32_BIT_CONVERSION = YES;
				GCC_WARN_ABOUT_RETURN_TYPE = YES_ERROR;
				GCC_WARN_UNDECLARED_SELECTOR = YES;
				GCC_WARN_UNINITIALIZED_AUTOS = YES_AGGRESSIVE;
				GCC_WARN_UNUSED_FUNCTION = YES;
				GCC_WARN_UNUSED_VARIABLE = YES;
				IPHONEOS_DEPLOYMENT_TARGET = 15.4;
				MTL_ENABLE_DEBUG_INFO = NO;
				MTL_FAST_MATH = YES;
				SDKROOT = iphoneos;
				SWIFT_COMPILATION_MODE = wholemodule;
				SWIFT_OPTIMIZATION_LEVEL = "-O";
				VALIDATE_PRODUCT = YES;
			};
			name = Release;
		};
		829F724E281CC4C3004B7929 /* Debug */ = {
			isa = XCBuildConfiguration;
			buildSettings = {
				ASSETCATALOG_COMPILER_APPICON_NAME = AppIcon;
				ASSETCATALOG_COMPILER_GLOBAL_ACCENT_COLOR_NAME = AccentColor;
				CODE_SIGN_STYLE = Automatic;
				CURRENT_PROJECT_VERSION = 1;
				DEVELOPMENT_TEAM = 6FLCXFF4D9;
				GENERATE_INFOPLIST_FILE = YES;
				INFOPLIST_FILE = "Project 1/Info.plist";
				INFOPLIST_KEY_UIApplicationSupportsIndirectInputEvents = YES;
				INFOPLIST_KEY_UILaunchStoryboardName = LaunchScreen;
				INFOPLIST_KEY_UIMainStoryboardFile = Main;
				INFOPLIST_KEY_UISupportedInterfaceOrientations_iPad = "UIInterfaceOrientationPortrait UIInterfaceOrientationPortraitUpsideDown UIInterfaceOrientationLandscapeLeft UIInterfaceOrientationLandscapeRight";
				INFOPLIST_KEY_UISupportedInterfaceOrientations_iPhone = "UIInterfaceOrientationPortrait UIInterfaceOrientationLandscapeLeft UIInterfaceOrientationLandscapeRight";
				LD_RUNPATH_SEARCH_PATHS = (
					"$(inherited)",
					"@executable_path/Frameworks",
				);
				MARKETING_VERSION = 1.0;
				PRODUCT_BUNDLE_IDENTIFIER = "com.example.Project-1";
				PRODUCT_NAME = "$(TARGET_NAME)";
				SWIFT_EMIT_LOC_STRINGS = YES;
				SWIFT_VERSION = 5.0;
				TARGETED_DEVICE_FAMILY = "1,2";
			};
			name = Debug;
		};
		829F724F281CC4C3004B7929 /* Release */ = {
			isa = XCBuildConfiguration;
			buildSettings = {
				ASSETCATALOG_COMPILER_APPICON_NAME = AppIcon;
				ASSETCATALOG_COMPILER_GLOBAL_ACCENT_COLOR_NAME = AccentColor;
				CODE_SIGN_STYLE = Automatic;
				CURRENT_PROJECT_VERSION = 1;
				DEVELOPMENT_TEAM = 6FLCXFF4D9;
				GENERATE_INFOPLIST_FILE = YES;
				INFOPLIST_FILE = "Project 1/Info.plist";
				INFOPLIST_KEY_UIApplicationSupportsIndirectInputEvents = YES;
				INFOPLIST_KEY_UILaunchStoryboardName = LaunchScreen;
				INFOPLIST_KEY_UIMainStoryboardFile = Main;
				INFOPLIST_KEY_UISupportedInterfaceOrientations_iPad = "UIInterfaceOrientationPortrait UIInterfaceOrientationPortraitUpsideDown UIInterfaceOrientationLandscapeLeft UIInterfaceOrientationLandscapeRight";
				INFOPLIST_KEY_UISupportedInterfaceOrientations_iPhone = "UIInterfaceOrientationPortrait UIInterfaceOrientationLandscapeLeft UIInterfaceOrientationLandscapeRight";
				LD_RUNPATH_SEARCH_PATHS = (
					"$(inherited)",
					"@executable_path/Frameworks",
				);
				MARKETING_VERSION = 1.0;
				PRODUCT_BUNDLE_IDENTIFIER = "com.example.Project-1";
				PRODUCT_NAME = "$(TARGET_NAME)";
				SWIFT_EMIT_LOC_STRINGS = YES;
				SWIFT_VERSION = 5.0;
				TARGETED_DEVICE_FAMILY = "1,2";
			};
			name = Release;
		};
/* End XCBuildConfiguration section */

/* Begin XCConfigurationList section */
		829F7234281CC4C2004B7929 /* Build configuration list for PBXProject "Project 1" */ = {
			isa = XCConfigurationList;
			buildConfigurations = (
				829F724B281CC4C3004B7929 /* Debug */,
				829F724C281CC4C3004B7929 /* Release */,
			);
			defaultConfigurationIsVisible = 0;
			defaultConfigurationName = Release;
		};
		829F724D281CC4C3004B7929 /* Build configuration list for PBXNativeTarget "Project 1" */ = {
			isa = XCConfigurationList;
			buildConfigurations = (
				829F724E281CC4C3004B7929 /* Debug */,
				829F724F281CC4C3004B7929 /* Release */,
			);
			defaultConfigurationIsVisible = 0;
			defaultConfigurationName = Release;
		};
/* End XCConfigurationList section */
	};
	rootObject = 829F7231281CC4C2004B7929 /* Project object */;
}
