// !$*UTF8*$!
{
	archiveVersion = 1;
	classes = {
	};
	objectVersion = 55;
	objects = {

/* Begin PBXBuildFile section */
		82B0CF472867A6160058EF19 /* AppDelegate.swift in Sources */ = {isa = PBXBuildFile; fileRef = 82B0CF462867A6160058EF19 /* AppDelegate.swift */; };
		82B0CF492867A6160058EF19 /* GameScene.sks in Resources */ = {isa = PBXBuildFile; fileRef = 82B0CF482867A6160058EF19 /* GameScene.sks */; };
		82B0CF4D2867A6160058EF19 /* GameScene.swift in Sources */ = {isa = PBXBuildFile; fileRef = 82B0CF4C2867A6160058EF19 /* GameScene.swift */; };
		82B0CF4F2867A6160058EF19 /* GameViewController.swift in Sources */ = {isa = PBXBuildFile; fileRef = 82B0CF4E2867A6160058EF19 /* GameViewController.swift */; };
		82B0CF522867A6160058EF19 /* Main.storyboard in Resources */ = {isa = PBXBuildFile; fileRef = 82B0CF502867A6160058EF19 /* Main.storyboard */; };
		82B0CF542867A6170058EF19 /* Assets.xcassets in Resources */ = {isa = PBXBuildFile; fileRef = 82B0CF532867A6170058EF19 /* Assets.xcassets */; };
		82B0CF572867A6170058EF19 /* LaunchScreen.storyboard in Resources */ = {isa = PBXBuildFile; fileRef = 82B0CF552867A6170058EF19 /* LaunchScreen.storyboard */; };
		82DF040B2867A82000DAAD41 /* explode.sks in Resources */ = {isa = PBXBuildFile; fileRef = 82DF04092867A82000DAAD41 /* explode.sks */; };
		82DF040C2867A82000DAAD41 /* fuse.sks in Resources */ = {isa = PBXBuildFile; fileRef = 82DF040A2867A82000DAAD41 /* fuse.sks */; };
		82DF040E286903B800DAAD41 /* failure-drum-sound-effect-2-7184.mp3 in Resources */ = {isa = PBXBuildFile; fileRef = 82DF040D286903B800DAAD41 /* failure-drum-sound-effect-2-7184.mp3 */; };
/* End PBXBuildFile section */

/* Begin PBXFileReference section */
		82B0CF432867A6160058EF19 /* Project 20.app */ = {isa = PBXFileReference; explicitFileType = wrapper.application; includeInIndex = 0; path = "Project 20.app"; sourceTree = BUILT_PRODUCTS_DIR; };
		82B0CF462867A6160058EF19 /* AppDelegate.swift */ = {isa = PBXFileReference; lastKnownFileType = sourcecode.swift; path = AppDelegate.swift; sourceTree = "<group>"; };
		82B0CF482867A6160058EF19 /* GameScene.sks */ = {isa = PBXFileReference; lastKnownFileType = file.sks; path = GameScene.sks; sourceTree = "<group>"; };
		82B0CF4C2867A6160058EF19 /* GameScene.swift */ = {isa = PBXFileReference; lastKnownFileType = sourcecode.swift; path = GameScene.swift; sourceTree = "<group>"; };
		82B0CF4E2867A6160058EF19 /* GameViewController.swift */ = {isa = PBXFileReference; lastKnownFileType = sourcecode.swift; path = GameViewController.swift; sourceTree = "<group>"; };
		82B0CF512867A6160058EF19 /* Base */ = {isa = PBXFileReference; lastKnownFileType = file.storyboard; name = Base; path = Base.lproj/Main.storyboard; sourceTree = "<group>"; };
		82B0CF532867A6170058EF19 /* Assets.xcassets */ = {isa = PBXFileReference; lastKnownFileType = folder.assetcatalog; path = Assets.xcassets; sourceTree = "<group>"; };
		82B0CF562867A6170058EF19 /* Base */ = {isa = PBXFileReference; lastKnownFileType = file.storyboard; name = Base; path = Base.lproj/LaunchScreen.storyboard; sourceTree = "<group>"; };
		82DF04092867A82000DAAD41 /* explode.sks */ = {isa = PBXFileReference; lastKnownFileType = file.sks; path = explode.sks; sourceTree = "<group>"; };
		82DF040A2867A82000DAAD41 /* fuse.sks */ = {isa = PBXFileReference; lastKnownFileType = file.sks; path = fuse.sks; sourceTree = "<group>"; };
		82DF040D286903B800DAAD41 /* failure-drum-sound-effect-2-7184.mp3 */ = {isa = PBXFileReference; lastKnownFileType = audio.mp3; path = "failure-drum-sound-effect-2-7184.mp3"; sourceTree = "<group>"; };
/* End PBXFileReference section */

/* Begin PBXFrameworksBuildPhase section */
		82B0CF402867A6160058EF19 /* Frameworks */ = {
			isa = PBXFrameworksBuildPhase;
			buildActionMask = 2147483647;
			files = (
			);
			runOnlyForDeploymentPostprocessing = 0;
		};
/* End PBXFrameworksBuildPhase section */

/* Begin PBXGroup section */
		82B0CF3A2867A6160058EF19 = {
			isa = PBXGroup;
			children = (
				82B0CF452867A6160058EF19 /* Project 20 */,
				82B0CF442867A6160058EF19 /* Products */,
			);
			sourceTree = "<group>";
		};
		82B0CF442867A6160058EF19 /* Products */ = {
			isa = PBXGroup;
			children = (
				82B0CF432867A6160058EF19 /* Project 20.app */,
			);
			name = Products;
			sourceTree = "<group>";
		};
		82B0CF452867A6160058EF19 /* Project 20 */ = {
			isa = PBXGroup;
			children = (
				82B0CF462867A6160058EF19 /* AppDelegate.swift */,
				82B0CF482867A6160058EF19 /* GameScene.sks */,
				82B0CF4C2867A6160058EF19 /* GameScene.swift */,
				82B0CF4E2867A6160058EF19 /* GameViewController.swift */,
				82B0CF502867A6160058EF19 /* Main.storyboard */,
				82B0CF532867A6170058EF19 /* Assets.xcassets */,
				82B0CF552867A6170058EF19 /* LaunchScreen.storyboard */,
				82DF04092867A82000DAAD41 /* explode.sks */,
				82DF040A2867A82000DAAD41 /* fuse.sks */,
				82DF040D286903B800DAAD41 /* failure-drum-sound-effect-2-7184.mp3 */,
			);
			path = "Project 20";
			sourceTree = "<group>";
		};
/* End PBXGroup section */

/* Begin PBXNativeTarget section */
		82B0CF422867A6160058EF19 /* Project 20 */ = {
			isa = PBXNativeTarget;
			buildConfigurationList = 82B0CF5A2867A6170058EF19 /* Build configuration list for PBXNativeTarget "Project 20" */;
			buildPhases = (
				82B0CF3F2867A6160058EF19 /* Sources */,
				82B0CF402867A6160058EF19 /* Frameworks */,
				82B0CF412867A6160058EF19 /* Resources */,
			);
			buildRules = (
			);
			dependencies = (
			);
			name = "Project 20";
			productName = "Project 20";
			productReference = 82B0CF432867A6160058EF19 /* Project 20.app */;
			productType = "com.apple.product-type.application";
		};
/* End PBXNativeTarget section */

/* Begin PBXProject section */
		82B0CF3B2867A6160058EF19 /* Project object */ = {
			isa = PBXProject;
			attributes = {
				BuildIndependentTargetsInParallel = 1;
				LastSwiftUpdateCheck = 1330;
				LastUpgradeCheck = 1330;
				TargetAttributes = {
					82B0CF422867A6160058EF19 = {
						CreatedOnToolsVersion = 13.3;
					};
				};
			};
			buildConfigurationList = 82B0CF3E2867A6160058EF19 /* Build configuration list for PBXProject "Project 20" */;
			compatibilityVersion = "Xcode 13.0";
			developmentRegion = en;
			hasScannedForEncodings = 0;
			knownRegions = (
				en,
				Base,
			);
			mainGroup = 82B0CF3A2867A6160058EF19;
			productRefGroup = 82B0CF442867A6160058EF19 /* Products */;
			projectDirPath = "";
			projectRoot = "";
			targets = (
				82B0CF422867A6160058EF19 /* Project 20 */,
			);
		};
/* End PBXProject section */

/* Begin PBXResourcesBuildPhase section */
		82B0CF412867A6160058EF19 /* Resources */ = {
			isa = PBXResourcesBuildPhase;
			buildActionMask = 2147483647;
			files = (
				82B0CF522867A6160058EF19 /* Main.storyboard in Resources */,
				82B0CF492867A6160058EF19 /* GameScene.sks in Resources */,
				82B0CF542867A6170058EF19 /* Assets.xcassets in Resources */,
				82DF040E286903B800DAAD41 /* failure-drum-sound-effect-2-7184.mp3 in Resources */,
				82B0CF572867A6170058EF19 /* LaunchScreen.storyboard in Resources */,
				82DF040C2867A82000DAAD41 /* fuse.sks in Resources */,
				82DF040B2867A82000DAAD41 /* explode.sks in Resources */,
			);
			runOnlyForDeploymentPostprocessing = 0;
		};
/* End PBXResourcesBuildPhase section */

/* Begin PBXSourcesBuildPhase section */
		82B0CF3F2867A6160058EF19 /* Sources */ = {
			isa = PBXSourcesBuildPhase;
			buildActionMask = 2147483647;
			files = (
				82B0CF4D2867A6160058EF19 /* GameScene.swift in Sources */,
				82B0CF4F2867A6160058EF19 /* GameViewController.swift in Sources */,
				82B0CF472867A6160058EF19 /* AppDelegate.swift in Sources */,
			);
			runOnlyForDeploymentPostprocessing = 0;
		};
/* End PBXSourcesBuildPhase section */

/* Begin PBXVariantGroup section */
		82B0CF502867A6160058EF19 /* Main.storyboard */ = {
			isa = PBXVariantGroup;
			children = (
				82B0CF512867A6160058EF19 /* Base */,
			);
			name = Main.storyboard;
			sourceTree = "<group>";
		};
		82B0CF552867A6170058EF19 /* LaunchScreen.storyboard */ = {
			isa = PBXVariantGroup;
			children = (
				82B0CF562867A6170058EF19 /* Base */,
			);
			name = LaunchScreen.storyboard;
			sourceTree = "<group>";
		};
/* End PBXVariantGroup section */

/* Begin XCBuildConfiguration section */
		82B0CF582867A6170058EF19 /* Debug */ = {
			isa = XCBuildConfiguration;
			buildSettings = {
				ALWAYS_SEARCH_USER_PATHS = NO;
				CLANG_ANALYZER_NONNULL = YES;
				CLANG_ANALYZER_NUMBER_OBJECT_CONVERSION = YES_AGGRESSIVE;
				CLANG_CXX_LANGUAGE_STANDARD = "gnu++17";
				CLANG_ENABLE_MODULES = YES;
				CLANG_ENABLE_OBJC_ARC = YES;
				CLANG_ENABLE_OBJC_WEAK = YES;
				CLANG_WARN_BLOCK_CAPTURE_AUTORELEASING = YES;
				CLANG_WARN_BOOL_CONVERSION = YES;
				CLANG_WARN_COMMA = YES;
				CLANG_WARN_CONSTANT_CONVERSION = YES;
				CLANG_WARN_DEPRECATED_OBJC_IMPLEMENTATIONS = YES;
				CLANG_WARN_DIRECT_OBJC_ISA_USAGE = YES_ERROR;
				CLANG_WARN_DOCUMENTATION_COMMENTS = YES;
				CLANG_WARN_EMPTY_BODY = YES;
				CLANG_WARN_ENUM_CONVERSION = YES;
				CLANG_WARN_INFINITE_RECURSION = YES;
				CLANG_WARN_INT_CONVERSION = YES;
				CLANG_WARN_NON_LITERAL_NULL_CONVERSION = YES;
				CLANG_WARN_OBJC_IMPLICIT_RETAIN_SELF = YES;
				CLANG_WARN_OBJC_LITERAL_CONVERSION = YES;
				CLANG_WARN_OBJC_ROOT_CLASS = YES_ERROR;
				CLANG_WARN_QUOTED_INCLUDE_IN_FRAMEWORK_HEADER = YES;
				CLANG_WARN_RANGE_LOOP_ANALYSIS = YES;
				CLANG_WARN_STRICT_PROTOTYPES = YES;
				CLANG_WARN_SUSPICIOUS_MOVE = YES;
				CLANG_WARN_UNGUARDED_AVAILABILITY = YES_AGGRESSIVE;
				CLANG_WARN_UNREACHABLE_CODE = YES;
				CLANG_WARN__DUPLICATE_METHOD_MATCH = YES;
				COPY_PHASE_STRIP = NO;
				DEBUG_INFORMATION_FORMAT = dwarf;
				ENABLE_STRICT_OBJC_MSGSEND = YES;
				ENABLE_TESTABILITY = YES;
				GCC_C_LANGUAGE_STANDARD = gnu11;
				GCC_DYNAMIC_NO_PIC = NO;
				GCC_NO_COMMON_BLOCKS = YES;
				GCC_OPTIMIZATION_LEVEL = 0;
				GCC_PREPROCESSOR_DEFINITIONS = (
					"DEBUG=1",
					"$(inherited)",
				);
				GCC_WARN_64_TO_32_BIT_CONVERSION = YES;
				GCC_WARN_ABOUT_RETURN_TYPE = YES_ERROR;
				GCC_WARN_UNDECLARED_SELECTOR = YES;
				GCC_WARN_UNINITIALIZED_AUTOS = YES_AGGRESSIVE;
				GCC_WARN_UNUSED_FUNCTION = YES;
				GCC_WARN_UNUSED_VARIABLE = YES;
				IPHONEOS_DEPLOYMENT_TARGET = 15.4;
				MTL_ENABLE_DEBUG_INFO = INCLUDE_SOURCE;
				MTL_FAST_MATH = YES;
				ONLY_ACTIVE_ARCH = YES;
				SDKROOT = iphoneos;
				SWIFT_ACTIVE_COMPILATION_CONDITIONS = DEBUG;
				SWIFT_OPTIMIZATION_LEVEL = "-Onone";
			};
			name = Debug;
		};
		82B0CF592867A6170058EF19 /* Release */ = {
			isa = XCBuildConfiguration;
			buildSettings = {
				ALWAYS_SEARCH_USER_PATHS = NO;
				CLANG_ANALYZER_NONNULL = YES;
				CLANG_ANALYZER_NUMBER_OBJECT_CONVERSION = YES_AGGRESSIVE;
				CLANG_CXX_LANGUAGE_STANDARD = "gnu++17";
				CLANG_ENABLE_MODULES = YES;
				CLANG_ENABLE_OBJC_ARC = YES;
				CLANG_ENABLE_OBJC_WEAK = YES;
				CLANG_WARN_BLOCK_CAPTURE_AUTORELEASING = YES;
				CLANG_WARN_BOOL_CONVERSION = YES;
				CLANG_WARN_COMMA = YES;
				CLANG_WARN_CONSTANT_CONVERSION = YES;
				CLANG_WARN_DEPRECATED_OBJC_IMPLEMENTATIONS = YES;
				CLANG_WARN_DIRECT_OBJC_ISA_USAGE = YES_ERROR;
				CLANG_WARN_DOCUMENTATION_COMMENTS = YES;
				CLANG_WARN_EMPTY_BODY = YES;
				CLANG_WARN_ENUM_CONVERSION = YES;
				CLANG_WARN_INFINITE_RECURSION = YES;
				CLANG_WARN_INT_CONVERSION = YES;
				CLANG_WARN_NON_LITERAL_NULL_CONVERSION = YES;
				CLANG_WARN_OBJC_IMPLICIT_RETAIN_SELF = YES;
				CLANG_WARN_OBJC_LITERAL_CONVERSION = YES;
				CLANG_WARN_OBJC_ROOT_CLASS = YES_ERROR;
				CLANG_WARN_QUOTED_INCLUDE_IN_FRAMEWORK_HEADER = YES;
				CLANG_WARN_RANGE_LOOP_ANALYSIS = YES;
				CLANG_WARN_STRICT_PROTOTYPES = YES;
				CLANG_WARN_SUSPICIOUS_MOVE = YES;
				CLANG_WARN_UNGUARDED_AVAILABILITY = YES_AGGRESSIVE;
				CLANG_WARN_UNREACHABLE_CODE = YES;
				CLANG_WARN__DUPLICATE_METHOD_MATCH = YES;
				COPY_PHASE_STRIP = NO;
				DEBUG_INFORMATION_FORMAT = "dwarf-with-dsym";
				ENABLE_NS_ASSERTIONS = NO;
				ENABLE_STRICT_OBJC_MSGSEND = YES;
				GCC_C_LANGUAGE_STANDARD = gnu11;
				GCC_NO_COMMON_BLOCKS = YES;
				GCC_WARN_64_TO_32_BIT_CONVERSION = YES;
				GCC_WARN_ABOUT_RETURN_TYPE = YES_ERROR;
				GCC_WARN_UNDECLARED_SELECTOR = YES;
				GCC_WARN_UNINITIALIZED_AUTOS = YES_AGGRESSIVE;
				GCC_WARN_UNUSED_FUNCTION = YES;
				GCC_WARN_UNUSED_VARIABLE = YES;
				IPHONEOS_DEPLOYMENT_TARGET = 15.4;
				MTL_ENABLE_DEBUG_INFO = NO;
				MTL_FAST_MATH = YES;
				SDKROOT = iphoneos;
				SWIFT_COMPILATION_MODE = wholemodule;
				SWIFT_OPTIMIZATION_LEVEL = "-O";
				VALIDATE_PRODUCT = YES;
			};
			name = Release;
		};
		82B0CF5B2867A6170058EF19 /* Debug */ = {
			isa = XCBuildConfiguration;
			buildSettings = {
				ASSETCATALOG_COMPILER_APPICON_NAME = AppIcon;
				ASSETCATALOG_COMPILER_GLOBAL_ACCENT_COLOR_NAME = AccentColor;
				CODE_SIGN_STYLE = Automatic;
				CURRENT_PROJECT_VERSION = 1;
				DEVELOPMENT_TEAM = 6FLCXFF4D9;
				GENERATE_INFOPLIST_FILE = YES;
				INFOPLIST_KEY_UIApplicationSupportsIndirectInputEvents = YES;
				INFOPLIST_KEY_UILaunchStoryboardName = LaunchScreen;
				INFOPLIST_KEY_UIMainStoryboardFile = Main;
				INFOPLIST_KEY_UIStatusBarHidden = YES;
				INFOPLIST_KEY_UISupportedInterfaceOrientations_iPad = "UIInterfaceOrientationLandscapeLeft UIInterfaceOrientationLandscapeRight";
				INFOPLIST_KEY_UISupportedInterfaceOrientations_iPhone = "UIInterfaceOrientationPortrait UIInterfaceOrientationLandscapeLeft UIInterfaceOrientationLandscapeRight";
				LD_RUNPATH_SEARCH_PATHS = (
					"$(inherited)",
					"@executable_path/Frameworks",
				);
				MARKETING_VERSION = 1.0;
				PRODUCT_BUNDLE_IDENTIFIER = "com.example.Project-20";
				PRODUCT_NAME = "$(TARGET_NAME)";
				SWIFT_EMIT_LOC_STRINGS = YES;
				SWIFT_VERSION = 5.0;
				TARGETED_DEVICE_FAMILY = 2;
			};
			name = Debug;
		};
		82B0CF5C2867A6170058EF19 /* Release */ = {
			isa = XCBuildConfiguration;
			buildSettings = {
				ASSETCATALOG_COMPILER_APPICON_NAME = AppIcon;
				ASSETCATALOG_COMPILER_GLOBAL_ACCENT_COLOR_NAME = AccentColor;
				CODE_SIGN_STYLE = Automatic;
				CURRENT_PROJECT_VERSION = 1;
				DEVELOPMENT_TEAM = 6FLCXFF4D9;
				GENERATE_INFOPLIST_FILE = YES;
				INFOPLIST_KEY_UIApplicationSupportsIndirectInputEvents = YES;
				INFOPLIST_KEY_UILaunchStoryboardName = LaunchScreen;
				INFOPLIST_KEY_UIMainStoryboardFile = Main;
				INFOPLIST_KEY_UIStatusBarHidden = YES;
				INFOPLIST_KEY_UISupportedInterfaceOrientations_iPad = "UIInterfaceOrientationLandscapeLeft UIInterfaceOrientationLandscapeRight";
				INFOPLIST_KEY_UISupportedInterfaceOrientations_iPhone = "UIInterfaceOrientationPortrait UIInterfaceOrientationLandscapeLeft UIInterfaceOrientationLandscapeRight";
				LD_RUNPATH_SEARCH_PATHS = (
					"$(inherited)",
					"@executable_path/Frameworks",
				);
				MARKETING_VERSION = 1.0;
				PRODUCT_BUNDLE_IDENTIFIER = "com.example.Project-20";
				PRODUCT_NAME = "$(TARGET_NAME)";
				SWIFT_EMIT_LOC_STRINGS = YES;
				SWIFT_VERSION = 5.0;
				TARGETED_DEVICE_FAMILY = 2;
			};
			name = Release;
		};
/* End XCBuildConfiguration section */

/* Begin XCConfigurationList section */
		82B0CF3E2867A6160058EF19 /* Build configuration list for PBXProject "Project 20" */ = {
			isa = XCConfigurationList;
			buildConfigurations = (
				82B0CF582867A6170058EF19 /* Debug */,
				82B0CF592867A6170058EF19 /* Release */,
			);
			defaultConfigurationIsVisible = 0;
			defaultConfigurationName = Release;
		};
		82B0CF5A2867A6170058EF19 /* Build configuration list for PBXNativeTarget "Project 20" */ = {
			isa = XCConfigurationList;
			buildConfigurations = (
				82B0CF5B2867A6170058EF19 /* Debug */,
				82B0CF5C2867A6170058EF19 /* Release */,
			);
			defaultConfigurationIsVisible = 0;
			defaultConfigurationName = Release;
		};
/* End XCConfigurationList section */
	};
	rootObject = 82B0CF3B2867A6160058EF19 /* Project object */;
}
